github.com/aws/aws-sdk-go-v2 v1.43.6 h1:RrmFcqCBxkJuf7g1axVo5krB4jM/AO8r5e5oujrgdoQ=
github.com/aws/aws-sdk-go-v2 v1.43.6/go.mod h1:tXpPM+v0D1lndmga+HqqLDIzUFJlEeR21aspVklHF00=
github.com/aws/aws-sdk-go-v2/aws/protocol/eventstream v1.7.18 h1:LAfOuhAH331fmOjTQpAaOlH+Ftn7RzSDJ2VFwjdMMy4=
github.com/aws/aws-sdk-go-v2/aws/protocol/eventstream v1.7.18/go.mod h1:4e5xhuXHx1e4U9EthvbPP1r/DIMp5c2823OL8karzcM=
github.com/aws/aws-sdk-go-v2/config v1.32.37 h1:Ljl7LOJB6ym0liuEl0+TZ3d7f5I8MEZN1Cj9PINlj/g=
github.com/aws/aws-sdk-go-v2/config v1.32.37/go.mod h1:WJ7pe7ZPpmG8Q5kKS53zeypIV4FBGACxmte8Uc6SgUc=
github.com/aws/aws-sdk-go-v2/credentials v1.19.36 h1:84s5xMme6ENYEdKG8rsbSFFg/8+lbHBeM9QYSO0gnDk=
github.com/aws/aws-sdk-go-v2/credentials v1.19.36/go.mod h1:c46BLdagDLIswjgt+GeQOslXgeS0E6wCacs5yZbxPGk=
github.com/aws/aws-sdk-go-v2/feature/ec2/imds v1.18.37 h1:b5tb+CZItBkydC7r3hTNdSO3pszG1R2EtnA+7TePQPk=
github.com/aws/aws-sdk-go-v2/feature/ec2/imds v1.18.37/go.mod h1:ZQ+6SU9X0oz6+7MUCSswv9Mjci4eaqZr21HI2RVy/yA=
github.com/aws/aws-sdk-go-v2/feature/s3/manager v1.22.43 h1:Fhx4uwBshQF0+jmhV/FKDM4LPj7L9iUy5n3MvLxLy00=
github.com/aws/aws-sdk-go-v2/feature/s3/manager v1.22.43/go.mod h1:4Tyfc1eIPEyrAMysLCVkcYL1Hm/hkGWbElLo8pejHPo=
github.com/aws/aws-sdk-go-v2/internal/configsources v1.4.37 h1:lznzIOvvbqjfe8UAaciCRJgBgJsxuTROKlhZuXQWfv8=
github.com/aws/aws-sdk-go-v2/internal/configsources v1.4.37/go.mod h1:otfkzyfQeMMLZAqX59GSXTL3o22BR/l6HFaRzzbWSqA=
github.com/aws/aws-sdk-go-v2/internal/endpoints/v2 v2.7.37 h1:zCEORWo0eU0gDjG+IyApE/2B+ZGG1m+GU7B263XV8ds=
github.com/aws/aws-sdk-go-v2/internal/endpoints/v2 v2.7.37/go.mod h1:i6c0PEl3TNOWxRbQ++KQcVenPWS/GoQeiklKhNuqzJ8=
github.com/aws/aws-sdk-go-v2/internal/v4a v1.4.38 h1:A3UAuCmx7LyUcrixBTzKJYYIUZ2yTvn6ZhT8PB+7APk=
github.com/aws/aws-sdk-go-v2/internal/v4a v1.4.38/go.mod h1:1PDUYG9Z+JrbbsobsAZHjWOm9QBT/djiK3QbykTL5Z4=
github.com/aws/aws-sdk-go-v2/service/cloudwatch v1.66.5 h1:dmtGTLndMJvBB10lfkP6F+MAxdDN7yOf/W9Cq1iTygc=
github.com/aws/aws-sdk-go-v2/service/cloudwatch v1.66.5/go.mod h1:3BPwkSv/Rr3J6Fl7TAv3QKzgpymxJaXsYYJ0xWBqHls=
github.com/aws/aws-sdk-go-v2/service/costexplorer v1.67.6 h1:HzC/uIdf6rBPkngznmR4z1JOwazyQ+2Qk/GA3sOJvTI=
github.com/aws/aws-sdk-go-v2/service/costexplorer v1.67.6/go.mod h1:cmB2f1OP2jT9dANuPp9z/eyGWSKpinAX5poc1M6Oees=
github.com/aws/aws-sdk-go-v2/service/ec2 v1.321.3 h1:D/jnJv0FOeJKpRguRNC4tptuJ7y1yYYk/dKVTPmHQJs=
github.com/aws/aws-sdk-go-v2/service/ec2 v1.321.3/go.mod h1:0YYJ+4BAgeIkRucGTesOdWnVnxhodrwWo6+lJ6Wmndg=
github.com/aws/aws-sdk-go-v2/service/internal/accept-encoding v1.13.17 h1:OvYZOB3qA6zvfdRFiRFRzVSiElMYrz3GdntkXZxlp1o=
github.com/aws/aws-sdk-go-v2/service/internal/accept-encoding v1.13.17/go.mod h1:JgR/2Ew50ACfIWau1oeMRX59tMtC0kM+PYQGEaT04cY=
github.com/aws/aws-sdk-go-v2/service/internal/checksum v1.9.30 h1:5437eMoOwqqQpZn2XJy74mlDCuPYL81texMT3mXqgtU=
github.com/aws/aws-sdk-go-v2/service/internal/checksum v1.9.30/go.mod h1:xfu2m3dOpvW8lj98wQYa8V9ku/Rta59hsbireGzhh3A=
github.com/aws/aws-sdk-go-v2/service/internal/presigned-url v1.13.37 h1:a3D4AjrOrTrP8+d9ILBthqrElf0z1JNol09Xvnwcys8=
github.com/aws/aws-sdk-go-v2/service/internal/presigned-url v1.13.37/go.mod h1:ky0gTu+ukvUTuUKFIpp6Wid4oninrkCyvbFkVs0kpHM=
github.com/aws/aws-sdk-go-v2/service/internal/s3shared v1.19.38 h1:gX8B8y3Ho30B1LPxefDKMi/HZqWEb47U9ogs3DtSG0M=
github.com/aws/aws-sdk-go-v2/service/internal/s3shared v1.19.38/go.mod h1:l5WblZlcmGPe4/O7JY2HO25Z+xqTBvyfTyFbRMf8gYw=
github.com/aws/aws-sdk-go-v2/service/s3 v1.107.2 h1:GNU0/xtPEXMKilJZ/a8BedeuQnvu+Usi6qVm9EFfncc=
github.com/aws/aws-sdk-go-v2/service/s3 v1.107.2/go.mod h1:4jYWUecEsQtE73jPl7p3jrbYXH5ffcR4gegyCygagfg=
github.com/aws/aws-sdk-go-v2/service/secretsmanager v1.44.6 h1:64ww9Pr4QuBPNe1aK9YeVDAUa35S/ykdl0Xb0chc7HI=
github.com/aws/aws-sdk-go-v2/service/secretsmanager v1.44.6/go.mod h1:otQJW+XgOjRFXqQaPHbJYlq0ocBwor7Q9ZhUfawvfQo=
github.com/aws/aws-sdk-go-v2/service/signin v1.5.6 h1:i68sFvXidKlkiSvI7d7Ilc1/UvW4CtBOaivH7jhG4fs=
github.com/aws/aws-sdk-go-v2/service/signin v1.5.6/go.mod h1:/h7Obr9WTtzbjTHGASRQwLN7Bupw+TC3x8x7fyx39hE=
github.com/aws/aws-sdk-go-v2/service/ssm v1.73.6 h1:eCl+kPQe3f/a3pqFu6hjSiyQtZ6UzLHUwCKDeg5Txq0=
github.com/aws/aws-sdk-go-v2/service/ssm v1.73.6/go.mod h1:cRBRMxQsb/64CRg7MIDJ1TDjsg1inpOWR3MQB3KBKrU=
github.com/aws/aws-sdk-go-v2/service/sso v1.33.6 h1:tpfGChmjUmv3W9WlRvy+stwKDTbFFdq8Zk9DbFPrfMU=
github.com/aws/aws-sdk-go-v2/service/sso v1.33.6/go.mod h1:CSjiDzmG/lsKkTOYjbkM+duLmRlW+LOxD64Na44ijnI=
github.com/aws/aws-sdk-go-v2/service/ssooidc v1.38.6 h1:49BBtY68A+KJCQ3a2F3eUe6ROsKucxUdfHKoqorc0wI=
github.com/aws/aws-sdk-go-v2/service/ssooidc v1.38.6/go.mod h1:ptG2hbs7QltE1GcQY0MpS4bfrc51KCnBXUr7OT1EEfE=
github.com/aws/aws-sdk-go-v2/service/sts v1.45.6 h1:JvExZWabChDM0qJAirQYGfOYo0ndT3edXj+fqSPNjkE=
github.com/aws/aws-sdk-go-v2/service/sts v1.45.6/go.mod h1:XZcaQkV2cItp6yEkrwljyaPOf22RuX7T43jxap/FOmM=
github.com/aws/smithy-go v1.27.8 h1:FR0dxZfIlV7Z8eh2iHfIofdunw382XsDV3Mxt9nUvRY=
github.com/aws/smithy-go v1.27.8/go.mod h1:YE2RhdIuDbA5E5bTdciG9KrW3+TiEONeUWCqxX9i1Fc=
github.com/creack/pty v1.1.9/go.mod h1:oKZEueFk5CKHvIhNR5MUki03XCEU+Q6VDXinZuGJ33E=
github.com/davecgh/go-spew v1.1.0/go.mod h1:J7Y8YcW2NihsgmVo/mv3lAwl/skON4iLHjSsI+c5H38=
github.com/jackc/pgpassfile v1.0.0 h1:/6Hmqy13Ss2zCq62VdNG8tM1wchn8zjSGOBJ6icpsIM=
github.com/jackc/pgpassfile v1.0.0/go.mod h1:CEx0iS5ambNFdcRtxPj5JhEz+xB6uRky5eyVu/W2HEg=
github.com/jackc/pgservicefile v0.0.0-20240606120523-5a60cdf6a761 h1:iCEnooe7UlwOQYpKFhBabPMi4aNAfoODPEFNiAnClxo=
github.com/jackc/pgservicefile v0.0.0-20240606120523-5a60cdf6a761/go.mod h1:5TJZWKEWniPve33vlWYSoGYefn3gLQRzjfDlhSJ9ZKM=
github.com/jackc/pgx/v5 v5.10.0 h1:VhSvgU2jSli8o3AqIEOTJr7rZwAEUVo4E4XhR94Zfr0=
github.com/jackc/pgx/v5 v5.10.0/go.mod h1:mal1tBGAFfLHvZzaYh77YS/eC6IX9OWbRV1QIIM0Jn4=
github.com/jackc/puddle/v2 v2.2.2 h1:PR8nw+E/1w0GLuRFSmiioY6UooMp6KJv0/61nB7icHo=
github.com/jackc/puddle/v2 v2.2.2/go.mod h1:vriiEXHvEE654aYKXXjOvZM39qJ0q+azkZFrfEOc3H4=
github.com/kr/pretty v0.3.0 h1:WgNl7dwNpEZ6jJ9k1snq4pZsg7DOEN8hP9Xw0Tsjwk0=
github.com/kr/pretty v0.3.0/go.mod h1:640gp4NfQd8pI5XOwp5fnNeVWj67G7CFk/SaSQn7NBk=
github.com/kr/text v0.2.0 h1:5Nx0Ya0ZqY2ygV366QzturHI13Jq95ApcVaJBhpS+AY=
github.com/kr/text v0.2.0/go.mod h1:eLer722TekiGuMkidMxC/pM04lWEeraHUUmBw8l2grE=
github.com/pmezard/go-difflib v1.0.0/go.mod h1:iKH77koFhYxTK1pcRnkKkqfTogsbg7gZNVY4sRDYZ/4=
github.com/rogpeppe/go-internal v1.16.0 h1:O9DK+vNMDVGLr2BeZqmpLeMjiMNkuXfcqntWbZV6S5g=
github.com/rogpeppe/go-internal v1.16.0/go.mod h1:DrUVZyrJU+txYW5/1kwtXQSMFio52ZOxX7yM1VHvnxs=
github.com/stretchr/objx v0.1.0/go.mod h1:HFkY916IF+rwdDfMAkV7OtwuqBVzrE8GR6GFx+wExME=
github.com/stretchr/testify v1.3.0/go.mod h1:M5WIy9Dh21IEIfnGCwXGc5bZfKNJtfHm1UVUgZn+9EI=
github.com/stretchr/testify v1.7.0/go.mod h1:6Fq8oRcR53rry900zMqJjRRixrwX3KX962/h/Wwjteg=
github.com/stretchr/testify v1.12.1 h1:EuwCh5fleGS7H32xRwO3wRGT7DxrDhLAT6FF8MpWDWE=
github.com/stretchr/testify v1.12.1/go.mod h1:MDEgiDPPsNp5cuIrHPPCyornHKgEVbtFUmoNlxoYthg=
go.yaml.in/yaml/v3 v3.0.5 h1:N6y/pJk8buWs9NY5ERU2HSMfm+IuD/OtfdAnq6kESPw=
go.yaml.in/yaml/v3 v3.0.5/go.mod h1:HVTZu1O7/Vkt2N+BFy8Zza+lnLsABggaTM2ZpNIGuKg=
golang.org/x/sync v0.17.0 h1:l60nONMj9l5drqw6jlhIELNv9I0A4OFgRsG9k2oT9Ug=
golang.org/x/sync v0.17.0/go.mod h1:9KTHXmSnoGruLpwFjVSX0lNNA75CykiMECbovNTZqGI=
golang.org/x/text v0.29.0 h1:1neNs90w9YzJ9BocxfsQNHKuAT4pkghyXc4nhZ6sJvk=
golang.org/x/text v0.29.0/go.mod h1:7MhJOA9CD2qZyOKYazxdYMF85OwPdEr9jTtBpO7ydH4=
gopkg.in/check.v1 v0.0.0-20161208181325-20d25e280405/go.mod h1:Co6ibVJAznAaIkqp8huTwlJQCZ016jof/cbN4VW5Yz0=
gopkg.in/check.v1 v1.0.0-20201130134442-10cb98267c6c h1:Hei/4ADfdWqJk1ZMxUNpqntNwaWcugrBjAiHlqqRiVk=
gopkg.in/check.v1 v1.0.0-20201130134442-10cb98267c6c/go.mod h1:JHkPIbrfpd72SG/EVd6muEfDQjcINNoR0C8j2r3qZ4Q=
gopkg.in/yaml.v3 v3.0.0-20200313102051-9f266ea9e77c/go.mod h1:K4uyk7z7BCEPqu6E+C64Yfv1cQ7kz7rIZviUmN+EgEM=
gopkg.in/yaml.v3 v3.0.1 h1:fxVm/GzAzEWqLHuvctI91KS9hhNmmWOoWu0XTYJS7CA=
gopkg.in/yaml.v3 v3.0.1/go.mod h1:K4uyk7z7BCEPqu6E+C64Yfv1cQ7kz7rIZviUmN+EgEM=
