version = 1
revision = 1
requires-python = ">=3.12"

[[package]]
name = "grpcio"
version = "1.71.0"
source = { registry = "https://pypi.org/simple" }
sdist = { url = "https://files.pythonhosted.org/packages/1c/95/aa11fc09a85d91fbc7dd405dcb2a1e0256989d67bf89fa65ae24b3ba105a/grpcio-1.71.0.tar.gz", hash = "sha256:2b85f7820475ad3edec209d3d89a7909ada16caab05d3f2e08a7e8ae3200a55c", size = 12549828 }
wheels = [
    { url = "https://files.pythonhosted.org/packages/4c/83/bd4b6a9ba07825bd19c711d8b25874cd5de72c2a3fbf635c3c344ae65bd2/grpcio-1.71.0-cp312-cp312-linux_armv7l.whl", hash = "sha256:0ff35c8d807c1c7531d3002be03221ff9ae15712b53ab46e2a0b4bb271f38537", size = 5184101 },
    { url = "https://files.pythonhosted.org/packages/31/ea/2e0d90c0853568bf714693447f5c73272ea95ee8dad107807fde740e595d/grpcio-1.71.0-cp312-cp312-macosx_10_14_universal2.whl", hash = "sha256:b78a99cd1ece4be92ab7c07765a0b038194ded2e0a26fd654591ee136088d8d7", size = 11310927 },
    { url = "https://files.pythonhosted.org/packages/ac/bc/07a3fd8af80467390af491d7dc66882db43884128cdb3cc8524915e0023c/grpcio-1.71.0-cp312-cp312-manylinux_2_17_aarch64.whl", hash = "sha256:dc1a1231ed23caac1de9f943d031f1bc38d0f69d2a3b243ea0d664fc1fbd7fec", size = 5654280 },
    { url = "https://files.pythonhosted.org/packages/16/af/21f22ea3eed3d0538b6ef7889fce1878a8ba4164497f9e07385733391e2b/grpcio-1.71.0-cp312-cp312-manylinux_2_17_i686.manylinux2014_i686.whl", hash = "sha256:e6beeea5566092c5e3c4896c6d1d307fb46b1d4bdf3e70c8340b190a69198594", size = 6312051 },
    { url = "https://files.pythonhosted.org/packages/49/9d/e12ddc726dc8bd1aa6cba67c85ce42a12ba5b9dd75d5042214a59ccf28ce/grpcio-1.71.0-cp312-cp312-manylinux_2_17_x86_64.manylinux2014_x86_64.whl", hash = "sha256:d5170929109450a2c031cfe87d6716f2fae39695ad5335d9106ae88cc32dc84c", size = 5910666 },
    { url = "https://files.pythonhosted.org/packages/d9/e9/38713d6d67aedef738b815763c25f092e0454dc58e77b1d2a51c9d5b3325/grpcio-1.71.0-cp312-cp312-musllinux_1_1_aarch64.whl", hash = "sha256:5b08d03ace7aca7b2fadd4baf291139b4a5f058805a8327bfe9aece7253b6d67", size = 6012019 },
    { url = "https://files.pythonhosted.org/packages/80/da/4813cd7adbae6467724fa46c952d7aeac5e82e550b1c62ed2aeb78d444ae/grpcio-1.71.0-cp312-cp312-musllinux_1_1_i686.whl", hash = "sha256:f903017db76bf9cc2b2d8bdd37bf04b505bbccad6be8a81e1542206875d0e9db", size = 6637043 },
    { url = "https://files.pythonhosted.org/packages/52/ca/c0d767082e39dccb7985c73ab4cf1d23ce8613387149e9978c70c3bf3b07/grpcio-1.71.0-cp312-cp312-musllinux_1_1_x86_64.whl", hash = "sha256:469f42a0b410883185eab4689060a20488a1a0a00f8bbb3cbc1061197b4c5a79", size = 6186143 },
    { url = "https://files.pythonhosted.org/packages/00/61/7b2c8ec13303f8fe36832c13d91ad4d4ba57204b1c723ada709c346b2271/grpcio-1.71.0-cp312-cp312-win32.whl", hash = "sha256:ad9f30838550695b5eb302add33f21f7301b882937460dd24f24b3cc5a95067a", size = 3604083 },
    { url = "https://files.pythonhosted.org/packages/fd/7c/1e429c5fb26122055d10ff9a1d754790fb067d83c633ff69eddcf8e3614b/grpcio-1.71.0-cp312-cp312-win_amd64.whl", hash = "sha256:652350609332de6dac4ece254e5d7e1ff834e203d6afb769601f286886f6f3a8", size = 4272191 },
    { url = "https://files.pythonhosted.org/packages/04/dd/b00cbb45400d06b26126dcfdbdb34bb6c4f28c3ebbd7aea8228679103ef6/grpcio-1.71.0-cp313-cp313-linux_armv7l.whl", hash = "sha256:cebc1b34ba40a312ab480ccdb396ff3c529377a2fce72c45a741f7215bfe8379", size = 5184138 },
    { url = "https://files.pythonhosted.org/packages/ed/0a/4651215983d590ef53aac40ba0e29dda941a02b097892c44fa3357e706e5/grpcio-1.71.0-cp313-cp313-macosx_10_14_universal2.whl", hash = "sha256:85da336e3649a3d2171e82f696b5cad2c6231fdd5bad52616476235681bee5b3", size = 11310747 },
    { url = "https://files.pythonhosted.org/packages/57/a3/149615b247f321e13f60aa512d3509d4215173bdb982c9098d78484de216/grpcio-1.71.0-cp313-cp313-manylinux_2_17_aarch64.whl", hash = "sha256:f9a412f55bb6e8f3bb000e020dbc1e709627dcb3a56f6431fa7076b4c1aab0db", size = 5653991 },
    { url = "https://files.pythonhosted.org/packages/ca/56/29432a3e8d951b5e4e520a40cd93bebaa824a14033ea8e65b0ece1da6167/grpcio-1.71.0-cp313-cp313-manylinux_2_17_i686.manylinux2014_i686.whl", hash = "sha256:47be9584729534660416f6d2a3108aaeac1122f6b5bdbf9fd823e11fe6fbaa29", size = 6312781 },
    { url = "https://files.pythonhosted.org/packages/a3/f8/286e81a62964ceb6ac10b10925261d4871a762d2a763fbf354115f9afc98/grpcio-1.71.0-cp313-cp313-manylinux_2_17_x86_64.manylinux2014_x86_64.whl", hash = "sha256:7c9c80ac6091c916db81131d50926a93ab162a7e97e4428ffc186b6e80d6dda4", size = 5910479 },
    { url = "https://files.pythonhosted.org/packages/35/67/d1febb49ec0f599b9e6d4d0d44c2d4afdbed9c3e80deb7587ec788fcf252/grpcio-1.71.0-cp313-cp313-musllinux_1_1_aarch64.whl", hash = "sha256:789d5e2a3a15419374b7b45cd680b1e83bbc1e52b9086e49308e2c0b5bbae6e3", size = 6013262 },
    { url = "https://files.pythonhosted.org/packages/a1/04/f9ceda11755f0104a075ad7163fc0d96e2e3a9fe25ef38adfc74c5790daf/grpcio-1.71.0-cp313-cp313-musllinux_1_1_i686.whl", hash = "sha256:1be857615e26a86d7363e8a163fade914595c81fec962b3d514a4b1e8760467b", size = 6643356 },
    { url = "https://files.pythonhosted.org/packages/fb/ce/236dbc3dc77cf9a9242adcf1f62538734ad64727fabf39e1346ad4bd5c75/grpcio-1.71.0-cp313-cp313-musllinux_1_1_x86_64.whl", hash = "sha256:a76d39b5fafd79ed604c4be0a869ec3581a172a707e2a8d7a4858cb05a5a7637", size = 6186564 },
    { url = "https://files.pythonhosted.org/packages/10/fd/b3348fce9dd4280e221f513dd54024e765b21c348bc475516672da4218e9/grpcio-1.71.0-cp313-cp313-win32.whl", hash = "sha256:74258dce215cb1995083daa17b379a1a5a87d275387b7ffe137f1d5131e2cfbb", size = 3601890 },
    { url = "https://files.pythonhosted.org/packages/be/f8/db5d5f3fc7e296166286c2a397836b8b042f7ad1e11028d82b061701f0f7/grpcio-1.71.0-cp313-cp313-win_amd64.whl", hash = "sha256:22c3bc8d488c039a199f7a003a38cb7635db6656fa96437a8accde8322ce2366", size = 4273308 },
]

[[package]]
name = "grpcio-tools"
version = "1.71.0"
source = { registry = "https://pypi.org/simple" }
dependencies = [
    { name = "grpcio" },
    { name = "protobuf" },
    { name = "setuptools" },
]
sdist = { url = "https://files.pythonhosted.org/packages/05/d2/c0866a48c355a6a4daa1f7e27e210c7fa561b1f3b7c0bce2671e89cfa31e/grpcio_tools-1.71.0.tar.gz", hash = "sha256:38dba8e0d5e0fb23a034e09644fdc6ed862be2371887eee54901999e8f6792a8", size = 5326008 }
wheels = [
    { url = "https://files.pythonhosted.org/packages/de/e4/156956b92ad0298290c3d68e6670bc5a6fbefcccfe1ec3997480605e7135/grpcio_tools-1.71.0-cp312-cp312-linux_armv7l.whl", hash = "sha256:61c0409d5bdac57a7bd0ce0ab01c1c916728fe4c8a03d77a25135ad481eb505c", size = 2385480 },
    { url = "https://files.pythonhosted.org/packages/c1/08/9930eb4bb38c5214041c9f24f8b35e9864a7938282db986836546c782d52/grpcio_tools-1.71.0-cp312-cp312-macosx_10_14_universal2.whl", hash = "sha256:28784f39921d061d2164a9dcda5164a69d07bf29f91f0ea50b505958292312c9", size = 5951891 },
    { url = "https://files.pythonhosted.org/packages/73/65/931f29ec9c33719d48e1e30446ecce6f5d2cd4e4934fa73fbe07de41c43b/grpcio_tools-1.71.0-cp312-cp312-manylinux_2_17_aarch64.whl", hash = "sha256:192808cf553cedca73f0479cc61d5684ad61f24db7a5f3c4dfe1500342425866", size = 2351967 },
    { url = "https://files.pythonhosted.org/packages/b8/26/2ec8748534406214f20a4809c36efcfa88d1a26246e8312102e3ef8c295d/grpcio_tools-1.71.0-cp312-cp312-manylinux_2_17_i686.manylinux2014_i686.whl", hash = "sha256:989ee9da61098230d3d4c8f8f8e27c2de796f1ff21b1c90110e636d9acd9432b", size = 2745003 },
    { url = "https://files.pythonhosted.org/packages/f1/33/87b4610c86a4e10ee446b543a4d536f94ab04f828bab841f0bc1a083de72/grpcio_tools-1.71.0-cp312-cp312-manylinux_2_17_x86_64.manylinux2014_x86_64.whl", hash = "sha256:541a756276c8a55dec991f6c0106ae20c8c8f5ce8d0bdbfcb01e2338d1a8192b", size = 2476455 },
    { url = "https://files.pythonhosted.org/packages/00/7c/f7f0cc36a43be9d45b3ce2a55245f3c7d063a24b7930dd719929e58871a4/grpcio_tools-1.71.0-cp312-cp312-musllinux_1_1_aarch64.whl", hash = "sha256:870c0097700d13c403e5517cb7750ab5b4a791ce3e71791c411a38c5468b64bd", size = 2854333 },
    { url = "https://files.pythonhosted.org/packages/07/c4/34b9ea62b173c13fa7accba5f219355b320c05c80c79c3ba70fe52f47b2f/grpcio_tools-1.71.0-cp312-cp312-musllinux_1_1_i686.whl", hash = "sha256:abd57f615e88bf93c3c6fd31f923106e3beb12f8cd2df95b0d256fa07a7a0a57", size = 3304297 },
    { url = "https://files.pythonhosted.org/packages/5c/ef/9d3449db8a07688dc3de7dcbd2a07048a128610b1a491c5c0cb3e90a00c5/grpcio_tools-1.71.0-cp312-cp312-musllinux_1_1_x86_64.whl", hash = "sha256:753270e2d06d37e6d7af8967d1d059ec635ad215882041a36294f4e2fd502b2e", size = 2916212 },
    { url = "https://files.pythonhosted.org/packages/2e/c6/990e8194c934dfe7cf89ef307c319fa4f2bc0b78aeca707addbfa1e502f1/grpcio_tools-1.71.0-cp312-cp312-win32.whl", hash = "sha256:0e647794bd7138b8c215e86277a9711a95cf6a03ff6f9e555d54fdf7378b9f9d", size = 948849 },
    { url = "https://files.pythonhosted.org/packages/42/95/3c36d3205e6bd19853cc2420e44b6ef302eb4cfcf56498973c7e85f6c03b/grpcio_tools-1.71.0-cp312-cp312-win_amd64.whl", hash = "sha256:48debc879570972d28bfe98e4970eff25bb26da3f383e0e49829b2d2cd35ad87", size = 1120294 },
    { url = "https://files.pythonhosted.org/packages/84/a7/70dc7e9957bcbaccd4dcb6cc11215e0b918f546d55599221522fe0d073e0/grpcio_tools-1.71.0-cp313-cp313-linux_armv7l.whl", hash = "sha256:9a78d07d6c301a25ef5ede962920a522556a1dfee1ccc05795994ceb867f766c", size = 2384758 },
    { url = "https://files.pythonhosted.org/packages/65/79/57320b28d0a0c5ec94095fd571a65292f8ed7e1c47e59ae4021e8a48d49b/grpcio_tools-1.71.0-cp313-cp313-macosx_10_14_universal2.whl", hash = "sha256:580ac88141c9815557e63c9c04f5b1cdb19b4db8d0cb792b573354bde1ee8b12", size = 5951661 },
    { url = "https://files.pythonhosted.org/packages/80/3d/343df5ed7c5dd66fc7a19e4ef3e97ccc4f5d802122b04cd6492f0dcd79f5/grpcio_tools-1.71.0-cp313-cp313-manylinux_2_17_aarch64.whl", hash = "sha256:f7c678e68ece0ae908ecae1c4314a0c2c7f83e26e281738b9609860cc2c82d96", size = 2351571 },
    { url = "https://files.pythonhosted.org/packages/56/2f/b9736e8c84e880c4237f5b880c6c799b4977c5cde190999bc7ab4b2ec445/grpcio_tools-1.71.0-cp313-cp313-manylinux_2_17_i686.manylinux2014_i686.whl", hash = "sha256:56ecd6cc89b5e5eed1de5eb9cafce86c9c9043ee3840888cc464d16200290b53", size = 2744580 },
    { url = "https://files.pythonhosted.org/packages/76/9b/bdb384967353da7bf64bac4232f4cf8ae43f19d0f2f640978d4d4197e667/grpcio_tools-1.71.0-cp313-cp313-manylinux_2_17_x86_64.manylinux2014_x86_64.whl", hash = "sha256:e52a041afc20ab2431d756b6295d727bd7adee813b21b06a3483f4a7a15ea15f", size = 2475978 },
    { url = "https://files.pythonhosted.org/packages/26/71/1411487fd7862d347b98fda5e3beef611a71b2ac2faac62a965d9e2536b3/grpcio_tools-1.71.0-cp313-cp313-musllinux_1_1_aarch64.whl", hash = "sha256:2a1712f12102b60c8d92779b89d0504e0d6f3a59f2b933e5622b8583f5c02992", size = 2853314 },
    { url = "https://files.pythonhosted.org/packages/03/06/59d0523eb1ba2f64edc72cb150152fa1b2e77061cae3ef3ecd3ef2a87f51/grpcio_tools-1.71.0-cp313-cp313-musllinux_1_1_i686.whl", hash = "sha256:41878cb7a75477e62fdd45e7e9155b3af1b7a5332844021e2511deaf99ac9e6c", size = 3303981 },
    { url = "https://files.pythonhosted.org/packages/c2/71/fb9fb49f2b738ec1dfbbc8cdce0b26e5f9c5fc0edef72e453580620d6a36/grpcio_tools-1.71.0-cp313-cp313-musllinux_1_1_x86_64.whl", hash = "sha256:682e958b476049ccc14c71bedf3f979bced01f6e0c04852efc5887841a32ad6b", size = 2915876 },
    { url = "https://files.pythonhosted.org/packages/bd/0f/0d49f6fe6fa2d09e9820dd9eeb30437e86002303076be2b6ada0fb52b8f2/grpcio_tools-1.71.0-cp313-cp313-win32.whl", hash = "sha256:0ccfb837152b7b858b9f26bb110b3ae8c46675d56130f6c2f03605c4f129be13", size = 948245 },
    { url = "https://files.pythonhosted.org/packages/bb/14/ab131a39187bfea950280b2277a82d2033469fe8c86f73b10b19f53cc5ca/grpcio_tools-1.71.0-cp313-cp313-win_amd64.whl", hash = "sha256:ffff9bc5eacb34dd26b487194f7d44a3e64e752fc2cf049d798021bf25053b87", size = 1119649 },
]

[[package]]
name = "mypy"
version = "1.15.0"
source = { registry = "https://pypi.org/simple" }
dependencies = [
    { name = "mypy-extensions" },
    { name = "typing-extensions" },
]
sdist = { url = "https://files.pythonhosted.org/packages/ce/43/d5e49a86afa64bd3839ea0d5b9c7103487007d728e1293f52525d6d5486a/mypy-1.15.0.tar.gz", hash = "sha256:404534629d51d3efea5c800ee7c42b72a6554d6c400e6a79eafe15d11341fd43", size = 3239717 }
wheels = [
    { url = "https://files.pythonhosted.org/packages/98/3a/03c74331c5eb8bd025734e04c9840532226775c47a2c39b56a0c8d4f128d/mypy-1.15.0-cp312-cp312-macosx_10_13_x86_64.whl", hash = "sha256:aea39e0583d05124836ea645f412e88a5c7d0fd77a6d694b60d9b6b2d9f184fd", size = 10793981 },
    { url = "https://files.pythonhosted.org/packages/f0/1a/41759b18f2cfd568848a37c89030aeb03534411eef981df621d8fad08a1d/mypy-1.15.0-cp312-cp312-macosx_11_0_arm64.whl", hash = "sha256:2f2147ab812b75e5b5499b01ade1f4a81489a147c01585cda36019102538615f", size = 9749175 },
    { url = "https://files.pythonhosted.org/packages/12/7e/873481abf1ef112c582db832740f4c11b2bfa510e829d6da29b0ab8c3f9c/mypy-1.15.0-cp312-cp312-manylinux_2_17_aarch64.manylinux2014_aarch64.manylinux_2_28_aarch64.whl", hash = "sha256:ce436f4c6d218a070048ed6a44c0bbb10cd2cc5e272b29e7845f6a2f57ee4464", size = 11455675 },
    { url = "https://files.pythonhosted.org/packages/b3/d0/92ae4cde706923a2d3f2d6c39629134063ff64b9dedca9c1388363da072d/mypy-1.15.0-cp312-cp312-manylinux_2_17_x86_64.manylinux2014_x86_64.manylinux_2_28_x86_64.whl", hash = "sha256:8023ff13985661b50a5928fc7a5ca15f3d1affb41e5f0a9952cb68ef090b31ee", size = 12410020 },
    { url = "https://files.pythonhosted.org/packages/46/8b/df49974b337cce35f828ba6fda228152d6db45fed4c86ba56ffe442434fd/mypy-1.15.0-cp312-cp312-musllinux_1_2_x86_64.whl", hash = "sha256:1124a18bc11a6a62887e3e137f37f53fbae476dc36c185d549d4f837a2a6a14e", size = 12498582 },
    { url = "https://files.pythonhosted.org/packages/13/50/da5203fcf6c53044a0b699939f31075c45ae8a4cadf538a9069b165c1050/mypy-1.15.0-cp312-cp312-win_amd64.whl", hash = "sha256:171a9ca9a40cd1843abeca0e405bc1940cd9b305eaeea2dda769ba096932bb22", size = 9366614 },
    { url = "https://files.pythonhosted.org/packages/6a/9b/fd2e05d6ffff24d912f150b87db9e364fa8282045c875654ce7e32fffa66/mypy-1.15.0-cp313-cp313-macosx_10_13_x86_64.whl", hash = "sha256:93faf3fdb04768d44bf28693293f3904bbb555d076b781ad2530214ee53e3445", size = 10788592 },
    { url = "https://files.pythonhosted.org/packages/74/37/b246d711c28a03ead1fd906bbc7106659aed7c089d55fe40dd58db812628/mypy-1.15.0-cp313-cp313-macosx_11_0_arm64.whl", hash = "sha256:811aeccadfb730024c5d3e326b2fbe9249bb7413553f15499a4050f7c30e801d", size = 9753611 },
    { url = "https://files.pythonhosted.org/packages/a6/ac/395808a92e10cfdac8003c3de9a2ab6dc7cde6c0d2a4df3df1b815ffd067/mypy-1.15.0-cp313-cp313-manylinux_2_17_aarch64.manylinux2014_aarch64.manylinux_2_28_aarch64.whl", hash = "sha256:98b7b9b9aedb65fe628c62a6dc57f6d5088ef2dfca37903a7d9ee374d03acca5", size = 11438443 },
    { url = "https://files.pythonhosted.org/packages/d2/8b/801aa06445d2de3895f59e476f38f3f8d610ef5d6908245f07d002676cbf/mypy-1.15.0-cp313-cp313-manylinux_2_17_x86_64.manylinux2014_x86_64.manylinux_2_28_x86_64.whl", hash = "sha256:c43a7682e24b4f576d93072216bf56eeff70d9140241f9edec0c104d0c515036", size = 12402541 },
    { url = "https://files.pythonhosted.org/packages/c7/67/5a4268782eb77344cc613a4cf23540928e41f018a9a1ec4c6882baf20ab8/mypy-1.15.0-cp313-cp313-musllinux_1_2_x86_64.whl", hash = "sha256:baefc32840a9f00babd83251560e0ae1573e2f9d1b067719479bfb0e987c6357", size = 12494348 },
    { url = "https://files.pythonhosted.org/packages/83/3e/57bb447f7bbbfaabf1712d96f9df142624a386d98fb026a761532526057e/mypy-1.15.0-cp313-cp313-win_amd64.whl", hash = "sha256:b9378e2c00146c44793c98b8d5a61039a048e31f429fb0eb546d93f4b000bedf", size = 9373648 },
    { url = "https://files.pythonhosted.org/packages/09/4e/a7d65c7322c510de2c409ff3828b03354a7c43f5a8ed458a7a131b41c7b9/mypy-1.15.0-py3-none-any.whl", hash = "sha256:5469affef548bd1895d86d3bf10ce2b44e33d86923c29e4d675b3e323437ea3e", size = 2221777 },
]

[[package]]
name = "mypy-extensions"
version = "1.1.0"
source = { registry = "https://pypi.org/simple" }
sdist = { url = "https://files.pythonhosted.org/packages/a2/6e/371856a3fb9d31ca8dac321cda606860fa4548858c0cc45d9d1d4ca2628b/mypy_extensions-1.1.0.tar.gz", hash = "sha256:52e68efc3284861e772bbcd66823fde5ae21fd2fdb51c62a211403730b916558", size = 6343 }
wheels = [
    { url = "https://files.pythonhosted.org/packages/79/7b/2c79738432f5c924bef5071f933bcc9efd0473bac3b4aa584a6f7c1c8df8/mypy_extensions-1.1.0-py3-none-any.whl", hash = "sha256:1be4cccdb0f2482337c4743e60421de3a356cd97508abadd57d47403e94f5505", size = 4963 },
]

[[package]]
name = "mypy-protobuf"
version = "3.6.0"
source = { registry = "https://pypi.org/simple" }
dependencies = [
    { name = "protobuf" },
    { name = "types-protobuf" },
]
sdist = { url = "https://files.pythonhosted.org/packages/4d/6f/282d64d66bf48ce60e38a6560753f784e0f88ab245ac2fb5e93f701a36cd/mypy-protobuf-3.6.0.tar.gz", hash = "sha256:02f242eb3409f66889f2b1a3aa58356ec4d909cdd0f93115622e9e70366eca3c", size = 24445 }
wheels = [
    { url = "https://files.pythonhosted.org/packages/e8/73/d6b999782ae22f16971cc05378b3b33f6a89ede3b9619e8366aa23484bca/mypy_protobuf-3.6.0-py3-none-any.whl", hash = "sha256:56176e4d569070e7350ea620262478b49b7efceba4103d468448f1d21492fd6c", size = 16434 },
]

[[package]]
name = "nodeenv"
version = "1.9.1"
source = { registry = "https://pypi.org/simple" }
sdist = { url = "https://files.pythonhosted.org/packages/43/16/fc88b08840de0e0a72a2f9d8c6bae36be573e475a6326ae854bcc549fc45/nodeenv-1.9.1.tar.gz", hash = "sha256:6ec12890a2dab7946721edbfbcd91f3319c6ccc9aec47be7c7e6b7011ee6645f", size = 47437 }
wheels = [
    { url = "https://files.pythonhosted.org/packages/d2/1d/1b658dbd2b9fa9c4c9f32accbfc0205d532c8c6194dc0f2a4c0428e7128a/nodeenv-1.9.1-py2.py3-none-any.whl", hash = "sha256:ba11c9782d29c27c70ffbdda2d7415098754709be8a7056d79a737cd901155c9", size = 22314 },
]

[[package]]
name = "protobuf"
version = "5.29.4"
source = { registry = "https://pypi.org/simple" }
sdist = { url = "https://files.pythonhosted.org/packages/17/7d/b9dca7365f0e2c4fa7c193ff795427cfa6290147e5185ab11ece280a18e7/protobuf-5.29.4.tar.gz", hash = "sha256:4f1dfcd7997b31ef8f53ec82781ff434a28bf71d9102ddde14d076adcfc78c99", size = 424902 }
wheels = [
    { url = "https://files.pythonhosted.org/packages/9a/b2/043a1a1a20edd134563699b0e91862726a0dc9146c090743b6c44d798e75/protobuf-5.29.4-cp310-abi3-win32.whl", hash = "sha256:13eb236f8eb9ec34e63fc8b1d6efd2777d062fa6aaa68268fb67cf77f6839ad7", size = 422709 },
    { url = "https://files.pythonhosted.org/packages/79/fc/2474b59570daa818de6124c0a15741ee3e5d6302e9d6ce0bdfd12e98119f/protobuf-5.29.4-cp310-abi3-win_amd64.whl", hash = "sha256:bcefcdf3976233f8a502d265eb65ea740c989bacc6c30a58290ed0e519eb4b8d", size = 434506 },
    { url = "https://files.pythonhosted.org/packages/46/de/7c126bbb06aa0f8a7b38aaf8bd746c514d70e6a2a3f6dd460b3b7aad7aae/protobuf-5.29.4-cp38-abi3-macosx_10_9_universal2.whl", hash = "sha256:307ecba1d852ec237e9ba668e087326a67564ef83e45a0189a772ede9e854dd0", size = 417826 },
    { url = "https://files.pythonhosted.org/packages/a2/b5/bade14ae31ba871a139aa45e7a8183d869efe87c34a4850c87b936963261/protobuf-5.29.4-cp38-abi3-manylinux2014_aarch64.whl", hash = "sha256:aec4962f9ea93c431d5714ed1be1c93f13e1a8618e70035ba2b0564d9e633f2e", size = 319574 },
    { url = "https://files.pythonhosted.org/packages/46/88/b01ed2291aae68b708f7d334288ad5fb3e7aa769a9c309c91a0d55cb91b0/protobuf-5.29.4-cp38-abi3-manylinux2014_x86_64.whl", hash = "sha256:d7d3f7d1d5a66ed4942d4fefb12ac4b14a29028b209d4bfb25c68ae172059922", size = 319672 },
    { url = "https://files.pythonhosted.org/packages/12/fb/a586e0c973c95502e054ac5f81f88394f24ccc7982dac19c515acd9e2c93/protobuf-5.29.4-py3-none-any.whl", hash = "sha256:3fde11b505e1597f71b875ef2fc52062b6a9740e5f7c8997ce878b6009145862", size = 172551 },
]

[[package]]
name = "pyright"
version = "1.1.401"
source = { registry = "https://pypi.org/simple" }
dependencies = [
    { name = "nodeenv" },
    { name = "typing-extensions" },
]
sdist = { url = "https://files.pythonhosted.org/packages/79/9a/7ab2b333b921b2d6bfcffe05a0e0a0bbeff884bd6fb5ed50cd68e2898e53/pyright-1.1.401.tar.gz", hash = "sha256:788a82b6611fa5e34a326a921d86d898768cddf59edde8e93e56087d277cc6f1", size = 3894193 }
wheels = [
    { url = "https://files.pythonhosted.org/packages/0d/e6/1f908fce68b0401d41580e0f9acc4c3d1b248adcff00dfaad75cd21a1370/pyright-1.1.401-py3-none-any.whl", hash = "sha256:6fde30492ba5b0d7667c16ecaf6c699fab8d7a1263f6a18549e0b00bf7724c06", size = 5629193 },
]

[[package]]
name = "redpanda-connect"
version = "0.1.0"
source = { editable = "." }
dependencies = [
    { name = "grpcio" },
]

[package.dev-dependencies]
dev = [
    { name = "grpcio-tools" },
    { name = "mypy" },
    { name = "mypy-protobuf" },
    { name = "pyright" },
    { name = "ruff" },
    { name = "types-protobuf" },
]

[package.metadata]
requires-dist = [{ name = "grpcio", specifier = ">=1.71.0" }]

[package.metadata.requires-dev]
dev = [
    { name = "grpcio-tools", specifier = ">=1.71.0" },
    { name = "mypy" },
    { name = "mypy-protobuf", specifier = ">=3.6.0" },
    { name = "pyright" },
    { name = "ruff" },
    { name = "types-protobuf", specifier = ">=5.29.1.20250403" },
]

[[package]]
name = "ruff"
version = "0.11.10"
source = { registry = "https://pypi.org/simple" }
sdist = { url = "https://files.pythonhosted.org/packages/e8/4c/4a3c5a97faaae6b428b336dcca81d03ad04779f8072c267ad2bd860126bf/ruff-0.11.10.tar.gz", hash = "sha256:d522fb204b4959909ecac47da02830daec102eeb100fb50ea9554818d47a5fa6", size = 4165632 }
wheels = [
    { url = "https://files.pythonhosted.org/packages/2f/9f/596c628f8824a2ce4cd12b0f0b4c0629a62dfffc5d0f742c19a1d71be108/ruff-0.11.10-py3-none-linux_armv6l.whl", hash = "sha256:859a7bfa7bc8888abbea31ef8a2b411714e6a80f0d173c2a82f9041ed6b50f58", size = 10316243 },
    { url = "https://files.pythonhosted.org/packages/3c/38/c1e0b77ab58b426f8c332c1d1d3432d9fc9a9ea622806e208220cb133c9e/ruff-0.11.10-py3-none-macosx_10_12_x86_64.whl", hash = "sha256:968220a57e09ea5e4fd48ed1c646419961a0570727c7e069842edd018ee8afed", size = 11083636 },
    { url = "https://files.pythonhosted.org/packages/23/41/b75e15961d6047d7fe1b13886e56e8413be8467a4e1be0a07f3b303cd65a/ruff-0.11.10-py3-none-macosx_11_0_arm64.whl", hash = "sha256:1067245bad978e7aa7b22f67113ecc6eb241dca0d9b696144256c3a879663bca", size = 10441624 },
    { url = "https://files.pythonhosted.org/packages/b6/2c/e396b6703f131406db1811ea3d746f29d91b41bbd43ad572fea30da1435d/ruff-0.11.10-py3-none-manylinux_2_17_aarch64.manylinux2014_aarch64.whl", hash = "sha256:f4854fd09c7aed5b1590e996a81aeff0c9ff51378b084eb5a0b9cd9518e6cff2", size = 10624358 },
    { url = "https://files.pythonhosted.org/packages/bd/8c/ee6cca8bdaf0f9a3704796022851a33cd37d1340bceaf4f6e991eb164e2e/ruff-0.11.10-py3-none-manylinux_2_17_armv7l.manylinux2014_armv7l.whl", hash = "sha256:8b4564e9f99168c0f9195a0fd5fa5928004b33b377137f978055e40008a082c5", size = 10176850 },
    { url = "https://files.pythonhosted.org/packages/e9/ce/4e27e131a434321b3b7c66512c3ee7505b446eb1c8a80777c023f7e876e6/ruff-0.11.10-py3-none-manylinux_2_17_i686.manylinux2014_i686.whl", hash = "sha256:5b6a9cc5b62c03cc1fea0044ed8576379dbaf751d5503d718c973d5418483641", size = 11759787 },
    { url = "https://files.pythonhosted.org/packages/58/de/1e2e77fc72adc7cf5b5123fd04a59ed329651d3eab9825674a9e640b100b/ruff-0.11.10-py3-none-manylinux_2_17_ppc64.manylinux2014_ppc64.whl", hash = "sha256:607ecbb6f03e44c9e0a93aedacb17b4eb4f3563d00e8b474298a201622677947", size = 12430479 },
    { url = "https://files.pythonhosted.org/packages/07/ed/af0f2340f33b70d50121628ef175523cc4c37619e98d98748c85764c8d88/ruff-0.11.10-py3-none-manylinux_2_17_ppc64le.manylinux2014_ppc64le.whl", hash = "sha256:7b3a522fa389402cd2137df9ddefe848f727250535c70dafa840badffb56b7a4", size = 11919760 },
    { url = "https://files.pythonhosted.org/packages/24/09/d7b3d3226d535cb89234390f418d10e00a157b6c4a06dfbe723e9322cb7d/ruff-0.11.10-py3-none-manylinux_2_17_s390x.manylinux2014_s390x.whl", hash = "sha256:2f071b0deed7e9245d5820dac235cbdd4ef99d7b12ff04c330a241ad3534319f", size = 14041747 },
    { url = "https://files.pythonhosted.org/packages/62/b3/a63b4e91850e3f47f78795e6630ee9266cb6963de8f0191600289c2bb8f4/ruff-0.11.10-py3-none-manylinux_2_17_x86_64.manylinux2014_x86_64.whl", hash = "sha256:4a60e3a0a617eafba1f2e4186d827759d65348fa53708ca547e384db28406a0b", size = 11550657 },
    { url = "https://files.pythonhosted.org/packages/46/63/a4f95c241d79402ccdbdb1d823d156c89fbb36ebfc4289dce092e6c0aa8f/ruff-0.11.10-py3-none-musllinux_1_2_aarch64.whl", hash = "sha256:da8ec977eaa4b7bf75470fb575bea2cb41a0e07c7ea9d5a0a97d13dbca697bf2", size = 10489671 },
    { url = "https://files.pythonhosted.org/packages/6a/9b/c2238bfebf1e473495659c523d50b1685258b6345d5ab0b418ca3f010cd7/ruff-0.11.10-py3-none-musllinux_1_2_armv7l.whl", hash = "sha256:ddf8967e08227d1bd95cc0851ef80d2ad9c7c0c5aab1eba31db49cf0a7b99523", size = 10160135 },
    { url = "https://files.pythonhosted.org/packages/ba/ef/ba7251dd15206688dbfba7d413c0312e94df3b31b08f5d695580b755a899/ruff-0.11.10-py3-none-musllinux_1_2_i686.whl", hash = "sha256:5a94acf798a82db188f6f36575d80609072b032105d114b0f98661e1679c9125", size = 11170179 },
    { url = "https://files.pythonhosted.org/packages/73/9f/5c336717293203ba275dbfa2ea16e49b29a9fd9a0ea8b6febfc17e133577/ruff-0.11.10-py3-none-musllinux_1_2_x86_64.whl", hash = "sha256:3afead355f1d16d95630df28d4ba17fb2cb9c8dfac8d21ced14984121f639bad", size = 11626021 },
    { url = "https://files.pythonhosted.org/packages/d9/2b/162fa86d2639076667c9aa59196c020dc6d7023ac8f342416c2f5ec4bda0/ruff-0.11.10-py3-none-win32.whl", hash = "sha256:dc061a98d32a97211af7e7f3fa1d4ca2fcf919fb96c28f39551f35fc55bdbc19", size = 10494958 },
    { url = "https://files.pythonhosted.org/packages/24/f3/66643d8f32f50a4b0d09a4832b7d919145ee2b944d43e604fbd7c144d175/ruff-0.11.10-py3-none-win_amd64.whl", hash = "sha256:5cc725fbb4d25b0f185cb42df07ab6b76c4489b4bfb740a175f3a59c70e8a224", size = 11650285 },
    { url = "https://files.pythonhosted.org/packages/95/3a/2e8704d19f376c799748ff9cb041225c1d59f3e7711bc5596c8cfdc24925/ruff-0.11.10-py3-none-win_arm64.whl", hash = "sha256:ef69637b35fb8b210743926778d0e45e1bffa850a7c61e428c6b971549b5f5d1", size = 10765278 },
]

[[package]]
name = "setuptools"
version = "80.8.0"
source = { registry = "https://pypi.org/simple" }
sdist = { url = "https://files.pythonhosted.org/packages/8d/d2/ec1acaaff45caed5c2dedb33b67055ba9d4e96b091094df90762e60135fe/setuptools-80.8.0.tar.gz", hash = "sha256:49f7af965996f26d43c8ae34539c8d99c5042fbff34302ea151eaa9c207cd257", size = 1319720 }
wheels = [
    { url = "https://files.pythonhosted.org/packages/58/29/93c53c098d301132196c3238c312825324740851d77a8500a2462c0fd888/setuptools-80.8.0-py3-none-any.whl", hash = "sha256:95a60484590d24103af13b686121328cc2736bee85de8936383111e421b9edc0", size = 1201470 },
]

[[package]]
name = "types-protobuf"
version = "6.30.2.20250516"
source = { registry = "https://pypi.org/simple" }
sdist = { url = "https://files.pythonhosted.org/packages/ac/6c/5cf088aaa3927d1cc39910f60f220f5ff573ab1a6485b2836e8b26beb58c/types_protobuf-6.30.2.20250516.tar.gz", hash = "sha256:aecd1881770a9bb225ede66872ef7f0da4505edd0b193108edd9892e48d49a41", size = 62254 }
wheels = [
    { url = "https://files.pythonhosted.org/packages/c0/66/06a9c161f5dd5deb4f5c016ba29106a8f1903eb9a1ba77d407dd6588fecb/types_protobuf-6.30.2.20250516-py3-none-any.whl", hash = "sha256:8c226d05b5e8b2623111765fa32d6e648bbc24832b4c2fddf0fa340ba5d5b722", size = 76480 },
]

[[package]]
name = "typing-extensions"
version = "4.13.2"
source = { registry = "https://pypi.org/simple" }
sdist = { url = "https://files.pythonhosted.org/packages/f6/37/23083fcd6e35492953e8d2aaaa68b860eb422b34627b13f2ce3eb6106061/typing_extensions-4.13.2.tar.gz", hash = "sha256:e6c81219bd689f51865d9e372991c540bda33a0379d5573cddb9a3a23f7caaef", size = 106967 }
wheels = [
    { url = "https://files.pythonhosted.org/packages/8b/54/b1ae86c0973cc6f0210b53d508ca3641fb6d0c56823f288d108bc7ab3cc8/typing_extensions-4.13.2-py3-none-any.whl", hash = "sha256:a439e7c04b49fec3e5d3e2beaa21755cadbbdc391694e28ccdd36ca4a1408f8c", size = 45806 },
]
